
Microsoft Visual Studio Solution File, Format Version 12.00
# Visual Studio Version 16
VisualStudioVersion = 16.0.30204.135
MinimumVisualStudioVersion = 10.0.40219.1
Project("{FAE04EC0-301F-11D3-BF4B-00C04F79EFBC}") = "WSRproject1", "WSRproject1\WSRproject1.csproj", "{53CA7F3F-CE14-4932-AD87-76AD6FBF7C13}"
EndProject
Global
	GlobalSection(SolutionConfigurationPlatforms) = preSolution
		Debug|Any CPU = Debug|Any CPU
		Release|Any CPU = Release|Any CPU
	EndGlobalSection
	GlobalSection(ProjectConfigurationPlatforms) = postSolution
		{53CA7F3F-CE14-4932-AD87-76AD6FBF7C13}.Debug|Any CPU.ActiveCfg = Debug|Any CPU
		{53CA7F3F-CE14-4932-AD87-76AD6FBF7C13}.Debug|Any CPU.Build.0 = Debug|Any CPU
		{53CA7F3F-CE14-4932-AD87-76AD6FBF7C13}.Release|Any CPU.ActiveCfg = Release|Any CPU
		{53CA7F3F-CE14-4932-AD87-76AD6FBF7C13}.Release|Any CPU.Build.0 = Release|Any CPU
	EndGlobalSection
	GlobalSection(SolutionProperties) = preSolution
		HideSolutionNode = FALSE
	EndGlobalSection
	GlobalSection(ExtensibilityGlobals) = postSolution
		SolutionGuid = {8034126F-3E0B-4F69-82F0-37B7195AED39}
	EndGlobalSection
EndGlobal
